// !$*UTF8*$!
{
	archiveVersion = 1;
	classes = {
	};
	objectVersion = 77;
	objects = {

/* Begin PBXBuildFile section */
		29B3C8D52D5DF36D002189A7 /* Supabase in Frameworks */ = {isa = PBXBuildFile; productRef = 29B3C8D42D5DF36D002189A7 /* Supabase */; };
/* End PBXBuildFile section */

/* Begin PBXContainerItemProxy section */
		29B3C8442D59D7F5002189A7 /* PBXContainerItemProxy */ = {
			isa = PBXContainerItemProxy;
			containerPortal = 29B3C82B2D59D7F3002189A7 /* Project object */;
			proxyType = 1;
			remoteGlobalIDString = 29B3C8322D59D7F3002189A7;
			remoteInfo = RunMap;
		};
		29B3C84E2D59D7F5002189A7 /* PBXContainerItemProxy */ = {
			isa = PBXContainerItemProxy;
			containerPortal = 29B3C82B2D59D7F3002189A7 /* Project object */;
			proxyType = 1;
			remoteGlobalIDString = 29B3C8322D59D7F3002189A7;
			remoteInfo = RunMap;
		};
/* End PBXContainerItemProxy section */

/* Begin PBXFileReference section */
		29B3C8332D59D7F3002189A7 /* RunMap.app */ = {isa = PBXFileReference; explicitFileType = wrapper.application; includeInIndex = 0; path = RunMap.app; sourceTree = BUILT_PRODUCTS_DIR; };
		29B3C8432D59D7F5002189A7 /* RunMapTests.xctest */ = {isa = PBXFileReference; explicitFileType = wrapper.cfbundle; includeInIndex = 0; path = RunMapTests.xctest; sourceTree = BUILT_PRODUCTS_DIR; };
		29B3C84D2D59D7F5002189A7 /* RunMapUITests.xctest */ = {isa = PBXFileReference; explicitFileType = wrapper.cfbundle; includeInIndex = 0; path = RunMapUITests.xctest; sourceTree = BUILT_PRODUCTS_DIR; };
/* End PBXFileReference section */

/* Begin PBXFileSystemSynchronizedBuildFileExceptionSet section */
		29B3C8D92D5DF8A6002189A7 /* Exceptions for "RunMap" folder in "RunMap" target */ = {
			isa = PBXFileSystemSynchronizedBuildFileExceptionSet;
			membershipExceptions = (
				Info.plist,
			);
			target = 29B3C8322D59D7F3002189A7 /* RunMap */;
		};
/* End PBXFileSystemSynchronizedBuildFileExceptionSet section */

/* Begin PBXFileSystemSynchronizedRootGroup section */
		29B3C8352D59D7F3002189A7 /* RunMap */ = {
			isa = PBXFileSystemSynchronizedRootGroup;
			exceptions = (
				29B3C8D92D5DF8A6002189A7 /* Exceptions for "RunMap" folder in "RunMap" target */,
			);
			path = RunMap;
			sourceTree = "<group>";
		};
		29B3C8462D59D7F5002189A7 /* RunMapTests */ = {
			isa = PBXFileSystemSynchronizedRootGroup;
			path = RunMapTests;
			sourceTree = "<group>";
		};
		29B3C8502D59D7F5002189A7 /* RunMapUITests */ = {
			isa = PBXFileSystemSynchronizedRootGroup;
			path = RunMapUITests;
			sourceTree = "<group>";
		};
/* End PBXFileSystemSynchronizedRootGroup section */

/* Begin PBXFrameworksBuildPhase section */
		29B3C8302D59D7F3002189A7 /* Frameworks */ = {
			isa = PBXFrameworksBuildPhase;
			buildActionMask = 2147483647;
			files = (
				29B3C8D52D5DF36D002189A7 /* Supabase in Frameworks */,
			);
			runOnlyForDeploymentPostprocessing = 0;
		};
		29B3C8402D59D7F5002189A7 /* Frameworks */ = {
			isa = PBXFrameworksBuildPhase;
			buildActionMask = 2147483647;
			files = (
			);
			runOnlyForDeploymentPostprocessing = 0;
		};
		29B3C84A2D59D7F5002189A7 /* Frameworks */ = {
			isa = PBXFrameworksBuildPhase;
			buildActionMask = 2147483647;
			files = (
			);
			runOnlyForDeploymentPostprocessing = 0;
		};
/* End PBXFrameworksBuildPhase section */

/* Begin PBXGroup section */
		29B3C82A2D59D7F3002189A7 = {
			isa = PBXGroup;
			children = (
				29B3C8352D59D7F3002189A7 /* RunMap */,
				29B3C8462D59D7F5002189A7 /* RunMapTests */,
				29B3C8502D59D7F5002189A7 /* RunMapUITests */,
				29B3C8342D59D7F3002189A7 /* Products */,
			);
			sourceTree = "<group>";
		};
		29B3C8342D59D7F3002189A7 /* Products */ = {
			isa = PBXGroup;
			children = (
				29B3C8332D59D7F3002189A7 /* RunMap.app */,
				29B3C8432D59D7F5002189A7 /* RunMapTests.xctest */,
				29B3C84D2D59D7F5002189A7 /* RunMapUITests.xctest */,
			);
			name = Products;
			sourceTree = "<group>";
		};
/* End PBXGroup section */

/* Begin PBXNativeTarget section */
		29B3C8322D59D7F3002189A7 /* RunMap */ = {
			isa = PBXNativeTarget;
			buildConfigurationList = 29B3C8572D59D7F5002189A7 /* Build configuration list for PBXNativeTarget "RunMap" */;
			buildPhases = (
				29B3C82F2D59D7F3002189A7 /* Sources */,
				29B3C8302D59D7F3002189A7 /* Frameworks */,
				29B3C8312D59D7F3002189A7 /* Resources */,
			);
			buildRules = (
			);
			dependencies = (
			);
			fileSystemSynchronizedGroups = (
				29B3C8352D59D7F3002189A7 /* RunMap */,
			);
			name = RunMap;
			packageProductDependencies = (
				29B3C8D42D5DF36D002189A7 /* Supabase */,
			);
			productName = RunMap;
			productReference = 29B3C8332D59D7F3002189A7 /* RunMap.app */;
			productType = "com.apple.product-type.application";
		};
		29B3C8422D59D7F5002189A7 /* RunMapTests */ = {
			isa = PBXNativeTarget;
			buildConfigurationList = 29B3C85A2D59D7F5002189A7 /* Build configuration list for PBXNativeTarget "RunMapTests" */;
			buildPhases = (
				29B3C83F2D59D7F5002189A7 /* Sources */,
				29B3C8402D59D7F5002189A7 /* Frameworks */,
				29B3C8412D59D7F5002189A7 /* Resources */,
			);
			buildRules = (
			);
			dependencies = (
				29B3C8452D59D7F5002189A7 /* PBXTargetDependency */,
			);
			fileSystemSynchronizedGroups = (
				29B3C8462D59D7F5002189A7 /* RunMapTests */,
			);
			name = RunMapTests;
			packageProductDependencies = (
			);
			productName = RunMapTests;
			productReference = 29B3C8432D59D7F5002189A7 /* RunMapTests.xctest */;
			productType = "com.apple.product-type.bundle.unit-test";
		};
		29B3C84C2D59D7F5002189A7 /* RunMapUITests */ = {
			isa = PBXNativeTarget;
			buildConfigurationList = 29B3C85D2D59D7F5002189A7 /* Build configuration list for PBXNativeTarget "RunMapUITests" */;
			buildPhases = (
				29B3C8492D59D7F5002189A7 /* Sources */,
				29B3C84A2D59D7F5002189A7 /* Frameworks */,
				29B3C84B2D59D7F5002189A7 /* Resources */,
			);
			buildRules = (
			);
			dependencies = (
				29B3C84F2D59D7F5002189A7 /* PBXTargetDependency */,
			);
			fileSystemSynchronizedGroups = (
				29B3C8502D59D7F5002189A7 /* RunMapUITests */,
			);
			name = RunMapUITests;
			packageProductDependencies = (
			);
			productName = RunMapUITests;
			productReference = 29B3C84D2D59D7F5002189A7 /* RunMapUITests.xctest */;
			productType = "com.apple.product-type.bundle.ui-testing";
		};
/* End PBXNativeTarget section */

/* Begin PBXProject section */
		29B3C82B2D59D7F3002189A7 /* Project object */ = {
			isa = PBXProject;
			attributes = {
				BuildIndependentTargetsInParallel = 1;
				LastSwiftUpdateCheck = 1620;
				LastUpgradeCheck = 1620;
				TargetAttributes = {
					29B3C8322D59D7F3002189A7 = {
						CreatedOnToolsVersion = 16.2;
					};
					29B3C8422D59D7F5002189A7 = {
						CreatedOnToolsVersion = 16.2;
						TestTargetID = 29B3C8322D59D7F3002189A7;
					};
					29B3C84C2D59D7F5002189A7 = {
						CreatedOnToolsVersion = 16.2;
						TestTargetID = 29B3C8322D59D7F3002189A7;
					};
				};
			};
			buildConfigurationList = 29B3C82E2D59D7F3002189A7 /* Build configuration list for PBXProject "RunMap" */;
			developmentRegion = en;
			hasScannedForEncodings = 0;
			knownRegions = (
				en,
				Base,
			);
			mainGroup = 29B3C82A2D59D7F3002189A7;
			minimizedProjectReferenceProxies = 1;
			packageReferences = (
				29B3C8D32D5DF36D002189A7 /* XCRemoteSwiftPackageReference "supabase-swift" */,
			);
			preferredProjectObjectVersion = 77;
			productRefGroup = 29B3C8342D59D7F3002189A7 /* Products */;
			projectDirPath = "";
			projectRoot = "";
			targets = (
				29B3C8322D59D7F3002189A7 /* RunMap */,
				29B3C8422D59D7F5002189A7 /* RunMapTests */,
				29B3C84C2D59D7F5002189A7 /* RunMapUITests */,
			);
		};
/* End PBXProject section */

/* Begin PBXResourcesBuildPhase section */
		29B3C8312D59D7F3002189A7 /* Resources */ = {
			isa = PBXResourcesBuildPhase;
			buildActionMask = 2147483647;
			files = (
			);
			runOnlyForDeploymentPostprocessing = 0;
		};
		29B3C8412D59D7F5002189A7 /* Resources */ = {
			isa = PBXResourcesBuildPhase;
			buildActionMask = 2147483647;
			files = (
			);
			runOnlyForDeploymentPostprocessing = 0;
		};
		29B3C84B2D59D7F5002189A7 /* Resources */ = {
			isa = PBXResourcesBuildPhase;
			buildActionMask = 2147483647;
			files = (
			);
			runOnlyForDeploymentPostprocessing = 0;
		};
/* End PBXResourcesBuildPhase section */

/* Begin PBXSourcesBuildPhase section */
		29B3C82F2D59D7F3002189A7 /* Sources */ = {
			isa = PBXSourcesBuildPhase;
			buildActionMask = 2147483647;
			files = (
			);
			runOnlyForDeploymentPostprocessing = 0;
		};
		29B3C83F2D59D7F5002189A7 /* Sources */ = {
			isa = PBXSourcesBuildPhase;
			buildActionMask = 2147483647;
			files = (
			);
			runOnlyForDeploymentPostprocessing = 0;
		};
		29B3C8492D59D7F5002189A7 /* Sources */ = {
			isa = PBXSourcesBuildPhase;
			buildActionMask = 2147483647;
			files = (
			);
			runOnlyForDeploymentPostprocessing = 0;
		};
/* End PBXSourcesBuildPhase section */

/* Begin PBXTargetDependency section */
		29B3C8452D59D7F5002189A7 /* PBXTargetDependency */ = {
			isa = PBXTargetDependency;
			target = 29B3C8322D59D7F3002189A7 /* RunMap */;
			targetProxy = 29B3C8442D59D7F5002189A7 /* PBXContainerItemProxy */;
		};
		29B3C84F2D59D7F5002189A7 /* PBXTargetDependency */ = {
			isa = PBXTargetDependency;
			target = 29B3C8322D59D7F3002189A7 /* RunMap */;
			targetProxy = 29B3C84E2D59D7F5002189A7 /* PBXContainerItemProxy */;
		};
/* End PBXTargetDependency section */

/* Begin XCBuildConfiguration section */
		29B3C8552D59D7F5002189A7 /* Debug */ = {
			isa = XCBuildConfiguration;
			buildSettings = {
				ALWAYS_SEARCH_USER_PATHS = NO;
				ASSETCATALOG_COMPILER_GENERATE_SWIFT_ASSET_SYMBOL_EXTENSIONS = YES;
				CLANG_ANALYZER_NONNULL = YES;
				CLANG_ANALYZER_NUMBER_OBJECT_CONVERSION = YES_AGGRESSIVE;
				CLANG_CXX_LANGUAGE_STANDARD = "gnu++20";
				CLANG_ENABLE_MODULES = YES;
				CLANG_ENABLE_OBJC_ARC = YES;
				CLANG_ENABLE_OBJC_WEAK = YES;
				CLANG_WARN_BLOCK_CAPTURE_AUTORELEASING = YES;
				CLANG_WARN_BOOL_CONVERSION = YES;
				CLANG_WARN_COMMA = YES;
				CLANG_WARN_CONSTANT_CONVERSION = YES;
				CLANG_WARN_DEPRECATED_OBJC_IMPLEMENTATIONS = YES;
				CLANG_WARN_DIRECT_OBJC_ISA_USAGE = YES_ERROR;
				CLANG_WARN_DOCUMENTATION_COMMENTS = YES;
				CLANG_WARN_EMPTY_BODY = YES;
				CLANG_WARN_ENUM_CONVERSION = YES;
				CLANG_WARN_INFINITE_RECURSION = YES;
				CLANG_WARN_INT_CONVERSION = YES;
				CLANG_WARN_NON_LITERAL_NULL_CONVERSION = YES;
				CLANG_WARN_OBJC_IMPLICIT_RETAIN_SELF = YES;
				CLANG_WARN_OBJC_LITERAL_CONVERSION = YES;
				CLANG_WARN_OBJC_ROOT_CLASS = YES_ERROR;
				CLANG_WARN_QUOTED_INCLUDE_IN_FRAMEWORK_HEADER = YES;
				CLANG_WARN_RANGE_LOOP_ANALYSIS = YES;
				CLANG_WARN_STRICT_PROTOTYPES = YES;
				CLANG_WARN_SUSPICIOUS_MOVE = YES;
				CLANG_WARN_UNGUARDED_AVAILABILITY = YES_AGGRESSIVE;
				CLANG_WARN_UNREACHABLE_CODE = YES;
				CLANG_WARN__DUPLICATE_METHOD_MATCH = YES;
				COPY_PHASE_STRIP = NO;
				DEBUG_INFORMATION_FORMAT = dwarf;
				ENABLE_STRICT_OBJC_MSGSEND = YES;
				ENABLE_TESTABILITY = YES;
				ENABLE_USER_SCRIPT_SANDBOXING = YES;
				GCC_C_LANGUAGE_STANDARD = gnu17;
				GCC_DYNAMIC_NO_PIC = NO;
				GCC_NO_COMMON_BLOCKS = YES;
				GCC_OPTIMIZATION_LEVEL = 0;
				GCC_PREPROCESSOR_DEFINITIONS = (
					"DEBUG=1",
					"$(inherited)",
				);
				GCC_WARN_64_TO_32_BIT_CONVERSION = YES;
				GCC_WARN_ABOUT_RETURN_TYPE = YES_ERROR;
				GCC_WARN_UNDECLARED_SELECTOR = YES;
				GCC_WARN_UNINITIALIZED_AUTOS = YES_AGGRESSIVE;
				GCC_WARN_UNUSED_FUNCTION = YES;
				GCC_WARN_UNUSED_VARIABLE = YES;
				IPHONEOS_DEPLOYMENT_TARGET = 18.2;
				LOCALIZATION_PREFERS_STRING_CATALOGS = YES;
				MTL_ENABLE_DEBUG_INFO = INCLUDE_SOURCE;
				MTL_FAST_MATH = YES;
				ONLY_ACTIVE_ARCH = YES;
				SDKROOT = iphoneos;
				SWIFT_ACTIVE_COMPILATION_CONDITIONS = "DEBUG $(inherited)";
				SWIFT_OPTIMIZATION_LEVEL = "-Onone";
			};
			name = Debug;
		};
		29B3C8562D59D7F5002189A7 /* Release */ = {
			isa = XCBuildConfiguration;
			buildSettings = {
				ALWAYS_SEARCH_USER_PATHS = NO;
				ASSETCATALOG_COMPILER_GENERATE_SWIFT_ASSET_SYMBOL_EXTENSIONS = YES;
				CLANG_ANALYZER_NONNULL = YES;
				CLANG_ANALYZER_NUMBER_OBJECT_CONVERSION = YES_AGGRESSIVE;
				CLANG_CXX_LANGUAGE_STANDARD = "gnu++20";
				CLANG_ENABLE_MODULES = YES;
				CLANG_ENABLE_OBJC_ARC = YES;
				CLANG_ENABLE_OBJC_WEAK = YES;
				CLANG_WARN_BLOCK_CAPTURE_AUTORELEASING = YES;
				CLANG_WARN_BOOL_CONVERSION = YES;
				CLANG_WARN_COMMA = YES;
				CLANG_WARN_CONSTANT_CONVERSION = YES;
				CLANG_WARN_DEPRECATED_OBJC_IMPLEMENTATIONS = YES;
				CLANG_WARN_DIRECT_OBJC_ISA_USAGE = YES_ERROR;
				CLANG_WARN_DOCUMENTATION_COMMENTS = YES;
				CLANG_WARN_EMPTY_BODY = YES;
				CLANG_WARN_ENUM_CONVERSION = YES;
				CLANG_WARN_INFINITE_RECURSION = YES;
				CLANG_WARN_INT_CONVERSION = YES;
				CLANG_WARN_NON_LITERAL_NULL_CONVERSION = YES;
				CLANG_WARN_OBJC_IMPLICIT_RETAIN_SELF = YES;
				CLANG_WARN_OBJC_LITERAL_CONVERSION = YES;
				CLANG_WARN_OBJC_ROOT_CLASS = YES_ERROR;
				CLANG_WARN_QUOTED_INCLUDE_IN_FRAMEWORK_HEADER = YES;
				CLANG_WARN_RANGE_LOOP_ANALYSIS = YES;
				CLANG_WARN_STRICT_PROTOTYPES = YES;
				CLANG_WARN_SUSPICIOUS_MOVE = YES;
				CLANG_WARN_UNGUARDED_AVAILABILITY = YES_AGGRESSIVE;
				CLANG_WARN_UNREACHABLE_CODE = YES;
				CLANG_WARN__DUPLICATE_METHOD_MATCH = YES;
				COPY_PHASE_STRIP = NO;
				DEBUG_INFORMATION_FORMAT = "dwarf-with-dsym";
				ENABLE_NS_ASSERTIONS = NO;
				ENABLE_STRICT_OBJC_MSGSEND = YES;
				ENABLE_USER_SCRIPT_SANDBOXING = YES;
				GCC_C_LANGUAGE_STANDARD = gnu17;
				GCC_NO_COMMON_BLOCKS = YES;
				GCC_WARN_64_TO_32_BIT_CONVERSION = YES;
				GCC_WARN_ABOUT_RETURN_TYPE = YES_ERROR;
				GCC_WARN_UNDECLARED_SELECTOR = YES;
				GCC_WARN_UNINITIALIZED_AUTOS = YES_AGGRESSIVE;
				GCC_WARN_UNUSED_FUNCTION = YES;
				GCC_WARN_UNUSED_VARIABLE = YES;
				IPHONEOS_DEPLOYMENT_TARGET = 18.2;
				LOCALIZATION_PREFERS_STRING_CATALOGS = YES;
				MTL_ENABLE_DEBUG_INFO = NO;
				MTL_FAST_MATH = YES;
				SDKROOT = iphoneos;
				SWIFT_COMPILATION_MODE = wholemodule;
				VALIDATE_PRODUCT = YES;
			};
			name = Release;
		};
		29B3C8582D59D7F5002189A7 /* Debug */ = {
			isa = XCBuildConfiguration;
			buildSettings = {
				ASSETCATALOG_COMPILER_APPICON_NAME = AppIcon;
				ASSETCATALOG_COMPILER_GLOBAL_ACCENT_COLOR_NAME = AccentColor;
				CODE_SIGN_STYLE = Automatic;
				CURRENT_PROJECT_VERSION = 1;
				DEVELOPMENT_ASSET_PATHS = "\"RunMap/Preview Content\"";
				ENABLE_PREVIEWS = YES;
				GENERATE_INFOPLIST_FILE = YES;
				INFOPLIST_FILE = RunMap/Info.plist;
				INFOPLIST_KEY_NSLocationAlwaysAndWhenInUseUsageDescription = "Please allow access to enjoy our app";
				INFOPLIST_KEY_NSLocationWhenInUseUsageDescription = "Please allow access to enjoy our app";
				INFOPLIST_KEY_UIApplicationSceneManifest_Generation = YES;
				INFOPLIST_KEY_UIApplicationSupportsIndirectInputEvents = YES;
				INFOPLIST_KEY_UILaunchScreen_Generation = YES;
				INFOPLIST_KEY_UISupportedInterfaceOrientations_iPad = "UIInterfaceOrientationPortrait UIInterfaceOrientationPortraitUpsideDown UIInterfaceOrientationLandscapeLeft UIInterfaceOrientationLandscapeRight";
				INFOPLIST_KEY_UISupportedInterfaceOrientations_iPhone = "UIInterfaceOrientationPortrait UIInterfaceOrientationLandscapeLeft UIInterfaceOrientationLandscapeRight";
				LD_RUNPATH_SEARCH_PATHS = (
					"$(inherited)",
					"@executable_path/Frameworks",
				);
				MARKETING_VERSION = 1.0;
				PRODUCT_BUNDLE_IDENTIFIER = co.angelayu.RunMap;
				PRODUCT_NAME = "$(TARGET_NAME)";
				SWIFT_EMIT_LOC_STRINGS = YES;
				SWIFT_VERSION = 5.0;
				TARGETED_DEVICE_FAMILY = "1,2";
			};
			name = Debug;
		};
		29B3C8592D59D7F5002189A7 /* Release */ = {
			isa = XCBuildConfiguration;
			buildSettings = {
				ASSETCATALOG_COMPILER_APPICON_NAME = AppIcon;
				ASSETCATALOG_COMPILER_GLOBAL_ACCENT_COLOR_NAME = AccentColor;
				CODE_SIGN_STYLE = Automatic;
				CURRENT_PROJECT_VERSION = 1;
				DEVELOPMENT_ASSET_PATHS = "\"RunMap/Preview Content\"";
				ENABLE_PREVIEWS = YES;
				GENERATE_INFOPLIST_FILE = YES;
				INFOPLIST_FILE = RunMap/Info.plist;
				INFOPLIST_KEY_NSLocationAlwaysAndWhenInUseUsageDescription = "Please allow access to enjoy our app";
				INFOPLIST_KEY_NSLocationWhenInUseUsageDescription = "Please allow access to enjoy our app";
				INFOPLIST_KEY_UIApplicationSceneManifest_Generation = YES;
				INFOPLIST_KEY_UIApplicationSupportsIndirectInputEvents = YES;
				INFOPLIST_KEY_UILaunchScreen_Generation = YES;
				INFOPLIST_KEY_UISupportedInterfaceOrientations_iPad = "UIInterfaceOrientationPortrait UIInterfaceOrientationPortraitUpsideDown UIInterfaceOrientationLandscapeLeft UIInterfaceOrientationLandscapeRight";
				INFOPLIST_KEY_UISupportedInterfaceOrientations_iPhone = "UIInterfaceOrientationPortrait UIInterfaceOrientationLandscapeLeft UIInterfaceOrientationLandscapeRight";
				LD_RUNPATH_SEARCH_PATHS = (
					"$(inherited)",
					"@executable_path/Frameworks",
				);
				MARKETING_VERSION = 1.0;
				PRODUCT_BUNDLE_IDENTIFIER = co.angelayu.RunMap;
				PRODUCT_NAME = "$(TARGET_NAME)";
				SWIFT_EMIT_LOC_STRINGS = YES;
				SWIFT_VERSION = 5.0;
				TARGETED_DEVICE_FAMILY = "1,2";
			};
			name = Release;
		};
		29B3C85B2D59D7F5002189A7 /* Debug */ = {
			isa = XCBuildConfiguration;
			buildSettings = {
				BUNDLE_LOADER = "$(TEST_HOST)";
				CODE_SIGN_STYLE = Automatic;
				CURRENT_PROJECT_VERSION = 1;
				GENERATE_INFOPLIST_FILE = YES;
				IPHONEOS_DEPLOYMENT_TARGET = 18.2;
				MARKETING_VERSION = 1.0;
				PRODUCT_BUNDLE_IDENTIFIER = co.angelayu.RunMapTests;
				PRODUCT_NAME = "$(TARGET_NAME)";
				SWIFT_EMIT_LOC_STRINGS = NO;
				SWIFT_VERSION = 5.0;
				TARGETED_DEVICE_FAMILY = "1,2";
				TEST_HOST = "$(BUILT_PRODUCTS_DIR)/RunMap.app/$(BUNDLE_EXECUTABLE_FOLDER_PATH)/RunMap";
			};
			name = Debug;
		};
		29B3C85C2D59D7F5002189A7 /* Release */ = {
			isa = XCBuildConfiguration;
			buildSettings = {
				BUNDLE_LOADER = "$(TEST_HOST)";
				CODE_SIGN_STYLE = Automatic;
				CURRENT_PROJECT_VERSION = 1;
				GENERATE_INFOPLIST_FILE = YES;
				IPHONEOS_DEPLOYMENT_TARGET = 18.2;
				MARKETING_VERSION = 1.0;
				PRODUCT_BUNDLE_IDENTIFIER = co.angelayu.RunMapTests;
				PRODUCT_NAME = "$(TARGET_NAME)";
				SWIFT_EMIT_LOC_STRINGS = NO;
				SWIFT_VERSION = 5.0;
				TARGETED_DEVICE_FAMILY = "1,2";
				TEST_HOST = "$(BUILT_PRODUCTS_DIR)/RunMap.app/$(BUNDLE_EXECUTABLE_FOLDER_PATH)/RunMap";
			};
			name = Release;
		};
		29B3C85E2D59D7F5002189A7 /* Debug */ = {
			isa = XCBuildConfiguration;
			buildSettings = {
				CODE_SIGN_STYLE = Automatic;
				CURRENT_PROJECT_VERSION = 1;
				GENERATE_INFOPLIST_FILE = YES;
				MARKETING_VERSION = 1.0;
				PRODUCT_BUNDLE_IDENTIFIER = co.angelayu.RunMapUITests;
				PRODUCT_NAME = "$(TARGET_NAME)";
				SWIFT_EMIT_LOC_STRINGS = NO;
				SWIFT_VERSION = 5.0;
				TARGETED_DEVICE_FAMILY = "1,2";
				TEST_TARGET_NAME = RunMap;
			};
			name = Debug;
		};
		29B3C85F2D59D7F5002189A7 /* Release */ = {
			isa = XCBuildConfiguration;
			buildSettings = {
				CODE_SIGN_STYLE = Automatic;
				CURRENT_PROJECT_VERSION = 1;
				GENERATE_INFOPLIST_FILE = YES;
				MARKETING_VERSION = 1.0;
				PRODUCT_BUNDLE_IDENTIFIER = co.angelayu.RunMapUITests;
				PRODUCT_NAME = "$(TARGET_NAME)";
				SWIFT_EMIT_LOC_STRINGS = NO;
				SWIFT_VERSION = 5.0;
				TARGETED_DEVICE_FAMILY = "1,2";
				TEST_TARGET_NAME = RunMap;
			};
			name = Release;
		};
/* End XCBuildConfiguration section */

/* Begin XCConfigurationList section */
		29B3C82E2D59D7F3002189A7 /* Build configuration list for PBXProject "RunMap" */ = {
			isa = XCConfigurationList;
			buildConfigurations = (
				29B3C8552D59D7F5002189A7 /* Debug */,
				29B3C8562D59D7F5002189A7 /* Release */,
			);
			defaultConfigurationIsVisible = 0;
			defaultConfigurationName = Release;
		};
		29B3C8572D59D7F5002189A7 /* Build configuration list for PBXNativeTarget "RunMap" */ = {
			isa = XCConfigurationList;
			buildConfigurations = (
				29B3C8582D59D7F5002189A7 /* Debug */,
				29B3C8592D59D7F5002189A7 /* Release */,
			);
			defaultConfigurationIsVisible = 0;
			defaultConfigurationName = Release;
		};
		29B3C85A2D59D7F5002189A7 /* Build configuration list for PBXNativeTarget "RunMapTests" */ = {
			isa = XCConfigurationList;
			buildConfigurations = (
				29B3C85B2D59D7F5002189A7 /* Debug */,
				29B3C85C2D59D7F5002189A7 /* Release */,
			);
			defaultConfigurationIsVisible = 0;
			defaultConfigurationName = Release;
		};
		29B3C85D2D59D7F5002189A7 /* Build configuration list for PBXNativeTarget "RunMapUITests" */ = {
			isa = XCConfigurationList;
			buildConfigurations = (
				29B3C85E2D59D7F5002189A7 /* Debug */,
				29B3C85F2D59D7F5002189A7 /* Release */,
			);
			defaultConfigurationIsVisible = 0;
			defaultConfigurationName = Release;
		};
/* End XCConfigurationList section */

/* Begin XCRemoteSwiftPackageReference section */
		29B3C8D32D5DF36D002189A7 /* XCRemoteSwiftPackageReference "supabase-swift" */ = {
			isa = XCRemoteSwiftPackageReference;
			repositoryURL = "https://github.com/supabase/supabase-swift.git";
			requirement = {
				kind = upToNextMajorVersion;
				minimumVersion = 2.5.1;
			};
		};
/* End XCRemoteSwiftPackageReference section */

/* Begin XCSwiftPackageProductDependency section */
		29B3C8D42D5DF36D002189A7 /* Supabase */ = {
			isa = XCSwiftPackageProductDependency;
			package = 29B3C8D32D5DF36D002189A7 /* XCRemoteSwiftPackageReference "supabase-swift" */;
			productName = Supabase;
		};
/* End XCSwiftPackageProductDependency section */
	};
	rootObject = 29B3C82B2D59D7F3002189A7 /* Project object */;
}
